
Microsoft Visual Studio Solution File, Format Version 12.00
# Visual Studio 14
VisualStudioVersion = 14.0.22823.1
MinimumVisualStudioVersion = 10.0.40219.1
Project("{9092AA53-FB77-4645-B42D-1CCCA6BD08BD}") = "node-gyazo-upload", "node-gyazo-upload.njsproj", "{DB9AC391-E12D-4336-BA37-9263DBF7A4B8}"
EndProject
Global
	GlobalSection(SolutionConfigurationPlatforms) = preSolution
		Debug|Any CPU = Debug|Any CPU
		Release|Any CPU = Release|Any CPU
	EndGlobalSection
	GlobalSection(ProjectConfigurationPlatforms) = postSolution
		{DB9AC391-E12D-4336-BA37-9263DBF7A4B8}.Debug|Any CPU.ActiveCfg = Debug|Any CPU
		{DB9AC391-E12D-4336-BA37-9263DBF7A4B8}.Debug|Any CPU.Build.0 = Debug|Any CPU
		{DB9AC391-E12D-4336-BA37-9263DBF7A4B8}.Release|Any CPU.ActiveCfg = Release|Any CPU
		{DB9AC391-E12D-4336-BA37-9263DBF7A4B8}.Release|Any CPU.Build.0 = Release|Any CPU
	EndGlobalSection
	GlobalSection(SolutionProperties) = preSolution
		HideSolutionNode = FALSE
	EndGlobalSection
EndGlobal
